{
  "name": "teste wexbim",
  "lockfileVersion": 3,
  "requires": true,
  "packages": {
    "": {
      "dependencies": {
        "@xbim/viewer": "^2.1.0-pre202406181316"
      }
    },
    "node_modules/@xbim/viewer": {
      "version": "2.1.0-pre202406181316",
      "resolved": "https://registry.npmjs.org/@xbim/viewer/-/viewer-2.1.0-pre202406181316.tgz",
      "integrity": "sha512-byQnTN6V/HogDTI08l91Ant/KrAiPp7xLUp0HL7o26Oueiqe+6lA6qj/1zjaevgSObUk3cuYJeut/cE8z5YRvg==",
      "dependencies": {
        "gl-matrix": "^3.4.3"
      }
    },
    "node_modules/gl-matrix": {
      "version": "3.4.3",
      "resolved": "https://registry.npmjs.org/gl-matrix/-/gl-matrix-3.4.3.tgz",
      "integrity": "sha512-wcCp8vu8FT22BnvKVPjXa/ICBWRq/zjFfdofZy1WSpQZpphblv12/bOQLBC1rMM7SGOFS9ltVmKOHil5+Ml7gA=="
    }
  }
}
